
Microsoft Visual Studio Solution File, Format Version 12.00
# Visual Studio Version 17
VisualStudioVersion = 17.0.32112.339
MinimumVisualStudioVersion = 10.0.40219.1
Project("{FAE04EC0-301F-11D3-BF4B-00C04F79EFBC}") = "OOPpart1_ex1", "OOPpart1_ex1\OOPpart1_ex1.csproj", "{3DB83697-D016-40DD-8269-A689DCF2A75F}"
EndProject
Project("{FAE04EC0-301F-11D3-BF4B-00C04F79EFBC}") = "OOPpart1_ex2", "OOPpart1_ex2\OOPpart1_ex2.csproj", "{A60BB75B-B8C5-48D9-BC93-6805C7610037}"
EndProject
Project("{FAE04EC0-301F-11D3-BF4B-00C04F79EFBC}") = "OOPpart1_ex3", "OOPpart1_ex3\OOPpart1_ex3.csproj", "{D6A9A6E6-B081-4788-ABB1-FC6470762FE4}"
EndProject
Global
	GlobalSection(SolutionConfigurationPlatforms) = preSolution
		Debug|Any CPU = Debug|Any CPU
		Release|Any CPU = Release|Any CPU
	EndGlobalSection
	GlobalSection(ProjectConfigurationPlatforms) = postSolution
		{3DB83697-D016-40DD-8269-A689DCF2A75F}.Debug|Any CPU.ActiveCfg = Debug|Any CPU
		{3DB83697-D016-40DD-8269-A689DCF2A75F}.Debug|Any CPU.Build.0 = Debug|Any CPU
		{3DB83697-D016-40DD-8269-A689DCF2A75F}.Release|Any CPU.ActiveCfg = Release|Any CPU
		{3DB83697-D016-40DD-8269-A689DCF2A75F}.Release|Any CPU.Build.0 = Release|Any CPU
		{A60BB75B-B8C5-48D9-BC93-6805C7610037}.Debug|Any CPU.ActiveCfg = Debug|Any CPU
		{A60BB75B-B8C5-48D9-BC93-6805C7610037}.Debug|Any CPU.Build.0 = Debug|Any CPU
		{A60BB75B-B8C5-48D9-BC93-6805C7610037}.Release|Any CPU.ActiveCfg = Release|Any CPU
		{A60BB75B-B8C5-48D9-BC93-6805C7610037}.Release|Any CPU.Build.0 = Release|Any CPU
		{D6A9A6E6-B081-4788-ABB1-FC6470762FE4}.Debug|Any CPU.ActiveCfg = Debug|Any CPU
		{D6A9A6E6-B081-4788-ABB1-FC6470762FE4}.Debug|Any CPU.Build.0 = Debug|Any CPU
		{D6A9A6E6-B081-4788-ABB1-FC6470762FE4}.Release|Any CPU.ActiveCfg = Release|Any CPU
		{D6A9A6E6-B081-4788-ABB1-FC6470762FE4}.Release|Any CPU.Build.0 = Release|Any CPU
	EndGlobalSection
	GlobalSection(SolutionProperties) = preSolution
		HideSolutionNode = FALSE
	EndGlobalSection
	GlobalSection(ExtensibilityGlobals) = postSolution
		SolutionGuid = {471B2286-05C7-410A-8949-9A153C5EDD9C}
	EndGlobalSection
EndGlobal
